<?xml version="1.0" encoding="utf-8"?>
<Project ToolsVersion="4.0" xmlns="http://schemas.microsoft.com/developer/msbuild/2003">
  <ItemGroup>
    <Filter Include="Source Files">
      <UniqueIdentifier>{4FC737F1-C7A5-4376-A066-2A32D752A2FF}</UniqueIdentifier>
      <Extensions>cpp;c;cc;cxx;c++;cppm;ixx;def;odl;idl;hpj;bat;asm;asmx</Extensions>
    </Filter>
    <Filter Include="Header Files">
      <UniqueIdentifier>{93995380-89BD-4b04-88EB-625FBE52EBFB}</UniqueIdentifier>
      <Extensions>h;hh;hpp;hxx;h++;hm;inl;inc;ipp;xsd</Extensions>
    </Filter>
    <Filter Include="Resource Files">
      <UniqueIdentifier>{67DA6AB6-F800-4c08-8B7A-83BB121AAD01}</UniqueIdentifier>
      <Extensions>rc;ico;cur;bmp;dlg;rc2;rct;bin;rgs;gif;jpg;jpeg;jpe;resx;tiff;tif;png;wav;mfcribbon-ms</Extensions>
    </Filter>
    <Filter Include="Resource Files\Textures">
      <UniqueIdentifier>{e252ce06-1ea2-45a2-b8bd-630c52301d28}</UniqueIdentifier>
    </Filter>
    <Filter Include="Resource Files\Shaders">
      <UniqueIdentifier>{75bb99b6-e053-4ba8-9f7a-f497ee6e6b84}</UniqueIdentifier>
    </Filter>
    <Filter Include="Resource Files\Models">
      <UniqueIdentifier>{897771db-91d3-461e-aa67-4bf043ff37b6}</UniqueIdentifier>
    </Filter>
    <Filter Include="Resource Files\Models\bunny">
      <UniqueIdentifier>{0270aed1-c99c-46b6-b988-8f884e1624c4}</UniqueIdentifier>
    </Filter>
    <Filter Include="Resource Files\Models\sword">
      <UniqueIdentifier>{2f8eaf23-595b-45ee-aaa3-231f980bc46f}</UniqueIdentifier>
    </Filter>
    <Filter Include="Resource Files\Models\sword\textures">
      <UniqueIdentifier>{172307ea-42f5-4d9f-97df-116cea9fe037}</UniqueIdentifier>
    </Filter>
    <Filter Include="Source Files\Physics">
      <UniqueIdentifier>{78009f92-ae18-4929-b0e5-b160447b65c0}</UniqueIdentifier>
    </Filter>
    <Filter Include="Header Files\Physics">
      <UniqueIdentifier>{6769c3e9-cd37-46d5-a204-3cc626fc5c53}</UniqueIdentifier>
    </Filter>
    <Filter Include="Resource Files\Models\crow">
      <UniqueIdentifier>{bfbb4398-cf55-4b14-a489-705abea62080}</UniqueIdentifier>
    </Filter>
    <Filter Include="Resource Files\Models\crow\textures">
      <UniqueIdentifier>{202298a2-e506-4a3a-8725-786a8053f645}</UniqueIdentifier>
    </Filter>
  </ItemGroup>
  <ItemGroup>
    <ClCompile Include="glad.c">
      <Filter>Source Files</Filter>
    </ClCompile>
    <ClCompile Include="src\Graphics\Camera.cpp">
      <Filter>Source Files</Filter>
    </ClCompile>
    <ClCompile Include="src\Graphics\Utils\EBO.cpp">
      <Filter>Source Files</Filter>
    </ClCompile>
    <ClCompile Include="src\main.cpp">
      <Filter>Source Files</Filter>
    </ClCompile>
    <ClCompile Include="src\Graphics\Mesh.cpp">
      <Filter>Source Files</Filter>
    </ClCompile>
    <ClCompile Include="src\Graphics\shaderClass.cpp">
      <Filter>Source Files</Filter>
    </ClCompile>
    <ClCompile Include="src\stb.cpp">
      <Filter>Source Files</Filter>
    </ClCompile>
    <ClCompile Include="src\Graphics\Texture.cpp">
      <Filter>Source Files</Filter>
    </ClCompile>
    <ClCompile Include="src\Graphics\Utils\VAO.cpp">
      <Filter>Source Files</Filter>
    </ClCompile>
    <ClCompile Include="src\Graphics\Utils\VBO.cpp">
      <Filter>Source Files</Filter>
    </ClCompile>
    <ClCompile Include="src\Common\Object.cpp">
      <Filter>Source Files</Filter>
    </ClCompile>
    <ClCompile Include="src\Graphics\Model.cpp">
      <Filter>Source Files</Filter>
    </ClCompile>
    <ClCompile Include="src\Physics\Rigidbody.cpp">
      <Filter>Source Files\Physics</Filter>
    </ClCompile>
    <ClCompile Include="src\Physics\PhysicsWorld.cpp">
      <Filter>Source Files\Physics</Filter>
    </ClCompile>
    <ClCompile Include="src\Physics\Intersections\Colliders\Triangle.hpp">
      <Filter>Source Files</Filter>
    </ClCompile>
    <ClCompile Include="src\Physics\Intersections\PointTests.cpp">
      <Filter>Source Files</Filter>
    </ClCompile>
    <ClCompile Include="src\Physics\Intersections\ShapeIntersections.cpp">
      <Filter>Source Files</Filter>
    </ClCompile>
    <ClCompile Include="src\Physics\Intersections\LineIntersections.cpp">
      <Filter>Source Files</Filter>
    </ClCompile>
    <ClCompile Include="src\Physics\Intersections\IntersectionUtils.cpp">
      <Filter>Source Files</Filter>
    </ClCompile>
    <ClCompile Include="src\Physics\Intersections\Colliders\Utils\ShapeUtils.cpp">
      <Filter>Source Files</Filter>
    </ClCompile>
    <ClCompile Include="src\Physics\Intersections\Colliders\MeshCollider\MeshHelpers.cpp">
      <Filter>Source Files</Filter>
    </ClCompile>
  </ItemGroup>
  <ItemGroup>
    <Image Include="res\Textures\pop_cat.png">
      <Filter>Resource Files\Textures</Filter>
    </Image>
    <Image Include="res\Textures\planksSpec.png">
      <Filter>Resource Files\Textures</Filter>
    </Image>
    <Image Include="res\Textures\obama.png">
      <Filter>Resource Files\Textures</Filter>
    </Image>
    <Image Include="res\Textures\planks.png">
      <Filter>Resource Files\Textures</Filter>
    </Image>
    <Image Include="res\Models\bunny\baseColor.png">
      <Filter>Resource Files\Models\bunny</Filter>
    </Image>
    <Image Include="res\Models\bunny\metallicRoughness.png">
      <Filter>Resource Files\Models\bunny</Filter>
    </Image>
    <Image Include="res\Models\sword\textures\Object001_mtl_baseColor.jpeg">
      <Filter>Resource Files\Models\sword\textures</Filter>
    </Image>
    <Image Include="res\Models\crow\textures\diffuse.png">
      <Filter>Resource Files\Models\crow\textures</Filter>
    </Image>
  </ItemGroup>
  <ItemGroup>
    <Text Include="TODO.txt" />
  </ItemGroup>
  <ItemGroup>
    <ClInclude Include="src\Graphics\Camera.hpp">
      <Filter>Header Files</Filter>
    </ClInclude>
    <ClInclude Include="src\Graphics\Utils\EBO.hpp">
      <Filter>Header Files</Filter>
    </ClInclude>
    <ClInclude Include="src\Graphics\Mesh.hpp">
      <Filter>Header Files</Filter>
    </ClInclude>
    <ClInclude Include="src\Graphics\shaderClass.hpp">
      <Filter>Header Files</Filter>
    </ClInclude>
    <ClInclude Include="src\Graphics\Texture.hpp">
      <Filter>Header Files</Filter>
    </ClInclude>
    <ClInclude Include="src\Graphics\Utils\VAO.hpp">
      <Filter>Header Files</Filter>
    </ClInclude>
    <ClInclude Include="src\Graphics\Utils\VBO.hpp">
      <Filter>Header Files</Filter>
    </ClInclude>
    <ClInclude Include="src\Common\Object.hpp">
      <Filter>Header Files</Filter>
    </ClInclude>
    <ClInclude Include="src\Graphics\Model.hpp">
      <Filter>Header Files</Filter>
    </ClInclude>
    <ClInclude Include="src\Physics\Rigidbody.hpp">
      <Filter>Header Files\Physics</Filter>
    </ClInclude>
    <ClInclude Include="src\Physics\PhysicsWorld.hpp">
      <Filter>Header Files\Physics</Filter>
    </ClInclude>
    <ClInclude Include="src\Physics\Intersections\Colliders\Line.hpp">
      <Filter>Header Files</Filter>
    </ClInclude>
    <ClInclude Include="src\Physics\Intersections\Colliders\Ray.hpp">
      <Filter>Header Files</Filter>
    </ClInclude>
    <ClInclude Include="src\Physics\Intersections\Colliders\Sphere.hpp">
      <Filter>Header Files</Filter>
    </ClInclude>
    <ClInclude Include="src\Physics\Intersections\Colliders\AABB.hpp">
      <Filter>Header Files</Filter>
    </ClInclude>
    <ClInclude Include="src\Physics\Intersections\Colliders\OBB.hpp">
      <Filter>Header Files</Filter>
    </ClInclude>
    <ClInclude Include="src\Physics\Intersections\Colliders\Plane.hpp">
      <Filter>Header Files</Filter>
    </ClInclude>
    <ClInclude Include="src\Physics\Intersections\PointTests.hpp">
      <Filter>Header Files</Filter>
    </ClInclude>
    <ClInclude Include="src\Physics\Intersections\ShapeIntersections.hpp">
      <Filter>Header Files</Filter>
    </ClInclude>
    <ClInclude Include="src\Physics\Intersections\LineIntersections.hpp">
      <Filter>Header Files</Filter>
    </ClInclude>
    <ClInclude Include="src\Physics\Intersections\IntersectionUtils.hpp">
      <Filter>Header Files</Filter>
    </ClInclude>
    <ClInclude Include="src\Physics\Intersections\Colliders\Utils\ShapeUtils.hpp">
      <Filter>Header Files</Filter>
    </ClInclude>
    <ClInclude Include="src\Physics\Intersections\Colliders\MeshCollider\MeshCollider.hpp">
      <Filter>Header Files</Filter>
    </ClInclude>
    <ClInclude Include="src\Physics\Intersections\Colliders\MeshCollider\BVHNode.hpp">
      <Filter>Header Files</Filter>
    </ClInclude>
    <ClInclude Include="src\Physics\Intersections\Colliders\MeshCollider\MeshHelpers.hpp">
      <Filter>Header Files</Filter>
    </ClInclude>
    <ClInclude Include="src\Physics\Intersections\Colliders\Collider.hpp">
      <Filter>Header Files</Filter>
    </ClInclude>
  </ItemGroup>
  <ItemGroup>
    <None Include="res\Shaders\default.frag">
      <Filter>Resource Files\Shaders</Filter>
    </None>
    <None Include="res\Shaders\default.vert">
      <Filter>Resource Files\Shaders</Filter>
    </None>
    <None Include="res\Shaders\collider.frag">
      <Filter>Resource Files\Shaders</Filter>
    </None>
    <None Include="res\Shaders\collider.vert">
      <Filter>Resource Files\Shaders</Filter>
    </None>
    <None Include="res\Models\bunny\scene.bin">
      <Filter>Resource Files\Models\bunny</Filter>
    </None>
    <None Include="res\Models\bunny\scene.gltf">
      <Filter>Resource Files\Models\bunny</Filter>
    </None>
    <None Include="res\Models\sword\scene.bin">
      <Filter>Resource Files\Models\sword</Filter>
    </None>
    <None Include="res\Models\sword\scene.gltf">
      <Filter>Resource Files\Models\sword</Filter>
    </None>
    <None Include="res\Models\crow\scene.gltf">
      <Filter>Resource Files\Models\crow</Filter>
    </None>
    <None Include="res\Shaders\outlining.frag">
      <Filter>Resource Files\Shaders</Filter>
    </None>
    <None Include="res\Shaders\outlining.vert">
      <Filter>Resource Files\Shaders</Filter>
    </None>
    <None Include="res\Models\crow\scene.bin">
      <Filter>Resource Files\Models\crow</Filter>
    </None>
  </ItemGroup>
</Project>