<?xml version="1.0" encoding="utf-8"?>
<Project ToolsVersion="4.0" xmlns="http://schemas.microsoft.com/developer/msbuild/2003">
  <ItemGroup>
    <Filter Include="Source Files">
      <UniqueIdentifier>{4FC737F1-C7A5-4376-A066-2A32D752A2FF}</UniqueIdentifier>
      <Extensions>cpp;c;cc;cxx;c++;cppm;ixx;def;odl;idl;hpj;bat;asm;asmx</Extensions>
    </Filter>
    <Filter Include="Header Files">
      <UniqueIdentifier>{93995380-89BD-4b04-88EB-625FBE52EBFB}</UniqueIdentifier>
      <Extensions>h;hh;hpp;hxx;h++;hm;inl;inc;ipp;xsd</Extensions>
    </Filter>
    <Filter Include="Resource Files">
      <UniqueIdentifier>{67DA6AB6-F800-4c08-8B7A-83BB121AAD01}</UniqueIdentifier>
      <Extensions>rc;ico;cur;bmp;dlg;rc2;rct;bin;rgs;gif;jpg;jpeg;jpe;resx;tiff;tif;png;wav;mfcribbon-ms</Extensions>
    </Filter>
    <Filter Include="Resource Files\Shaders">
      <UniqueIdentifier>{5e33c398-8933-41d2-a7a5-f2ae8372a790}</UniqueIdentifier>
    </Filter>
    <Filter Include="Resource Files\Textures">
      <UniqueIdentifier>{14cc4505-d0e0-45d0-a6f2-43013ae40b48}</UniqueIdentifier>
    </Filter>
  </ItemGroup>
  <ItemGroup>
    <ClCompile Include="glad.c">
      <Filter>Source Files</Filter>
    </ClCompile>
    <ClCompile Include="src\main.cpp">
      <Filter>Source Files</Filter>
    </ClCompile>
    <ClCompile Include="src\EBO.cpp">
      <Filter>Source Files</Filter>
    </ClCompile>
    <ClCompile Include="src\shaderClass.cpp">
      <Filter>Source Files</Filter>
    </ClCompile>
    <ClCompile Include="src\VAO.cpp">
      <Filter>Source Files</Filter>
    </ClCompile>
    <ClCompile Include="src\VBO.cpp">
      <Filter>Source Files</Filter>
    </ClCompile>
    <ClCompile Include="src\Texture.hpp">
      <Filter>Header Files</Filter>
    </ClCompile>
    <ClCompile Include="src\Texture.cpp">
      <Filter>Source Files</Filter>
    </ClCompile>
    <ClCompile Include="src\Camera.cpp">
      <Filter>Source Files</Filter>
    </ClCompile>
    <ClCompile Include="src\stb.cpp">
      <Filter>Source Files</Filter>
    </ClCompile>
    <ClCompile Include="src\Mesh.cpp">
      <Filter>Source Files</Filter>
    </ClCompile>
<<<<<<< HEAD
    <ClCompile Include="src\Object.cpp">
=======
    <ClCompile Include="src\GameObject.cpp">
      <Filter>Source Files</Filter>
    </ClCompile>
    <ClCompile Include="src\ColliderMesh.cpp">
>>>>>>> parent of 73c726d (Revert "Objects")
      <Filter>Source Files</Filter>
    </ClCompile>
  </ItemGroup>
  <ItemGroup>
    <ClInclude Include="src\EBO.hpp">
      <Filter>Header Files</Filter>
    </ClInclude>
    <ClInclude Include="src\VAO.hpp">
      <Filter>Header Files</Filter>
    </ClInclude>
    <ClInclude Include="src\VBO.hpp">
      <Filter>Header Files</Filter>
    </ClInclude>
    <ClInclude Include="src\shaderClass.hpp">
      <Filter>Header Files</Filter>
    </ClInclude>
    <ClInclude Include="src\Camera.hpp">
      <Filter>Header Files</Filter>
    </ClInclude>
    <ClInclude Include="src\Mesh.hpp">
      <Filter>Header Files</Filter>
    </ClInclude>
<<<<<<< HEAD
    <ClInclude Include="src\Object.hpp">
=======
    <ClInclude Include="src\GameObject.hpp">
      <Filter>Header Files</Filter>
    </ClInclude>
    <ClInclude Include="src\ColliderMesh.hpp">
>>>>>>> parent of 73c726d (Revert "Objects")
      <Filter>Header Files</Filter>
    </ClInclude>
  </ItemGroup>
  <ItemGroup>
    <None Include="res\Shaders\default.vert">
      <Filter>Resource Files\Shaders</Filter>
    </None>
    <None Include="res\Shaders\default.frag">
      <Filter>Resource Files\Shaders</Filter>
    </None>
    <None Include="res\Shaders\light.frag">
      <Filter>Resource Files\Shaders</Filter>
    </None>
    <None Include="res\Shaders\light.vert">
      <Filter>Resource Files\Shaders</Filter>
    </None>
<<<<<<< HEAD
    <None Include="res\Shaders\collider.vert" />
    <None Include="res\Shaders\collider.frag" />
=======
    <None Include="src\collider.vert">
      <Filter>Resource Files\Shaders</Filter>
    </None>
>>>>>>> parent of 73c726d (Revert "Objects")
  </ItemGroup>
  <ItemGroup>
    <Image Include="res\Textures\pop_cat.png">
      <Filter>Resource Files\Textures</Filter>
    </Image>
    <Image Include="res\Textures\obama.png">
      <Filter>Resource Files\Textures</Filter>
    </Image>
  </ItemGroup>
</Project>