<?xml version="1.0" encoding="utf-8"?>
<Project ToolsVersion="4.0" xmlns="http://schemas.microsoft.com/developer/msbuild/2003">
  <ItemGroup>
    <Filter Include="Source Files">
      <UniqueIdentifier>{4FC737F1-C7A5-4376-A066-2A32D752A2FF}</UniqueIdentifier>
      <Extensions>cpp;c;cc;cxx;c++;cppm;ixx;def;odl;idl;hpj;bat;asm;asmx</Extensions>
    </Filter>
    <Filter Include="Header Files">
      <UniqueIdentifier>{93995380-89BD-4b04-88EB-625FBE52EBFB}</UniqueIdentifier>
      <Extensions>h;hh;hpp;hxx;h++;hm;inl;inc;ipp;xsd</Extensions>
    </Filter>
    <Filter Include="Resource Files">
      <UniqueIdentifier>{67DA6AB6-F800-4c08-8B7A-83BB121AAD01}</UniqueIdentifier>
      <Extensions>rc;ico;cur;bmp;dlg;rc2;rct;bin;rgs;gif;jpg;jpeg;jpe;resx;tiff;tif;png;wav;mfcribbon-ms</Extensions>
    </Filter>
    <Filter Include="Resource Files\Textures">
      <UniqueIdentifier>{e252ce06-1ea2-45a2-b8bd-630c52301d28}</UniqueIdentifier>
    </Filter>
    <Filter Include="Resource Files\Shaders">
      <UniqueIdentifier>{75bb99b6-e053-4ba8-9f7a-f497ee6e6b84}</UniqueIdentifier>
    </Filter>
    <Filter Include="Resource Files\Models">
      <UniqueIdentifier>{897771db-91d3-461e-aa67-4bf043ff37b6}</UniqueIdentifier>
    </Filter>
    <Filter Include="Resource Files\Models\bunny">
      <UniqueIdentifier>{0270aed1-c99c-46b6-b988-8f884e1624c4}</UniqueIdentifier>
    </Filter>
    <Filter Include="Resource Files\Models\sword">
      <UniqueIdentifier>{2f8eaf23-595b-45ee-aaa3-231f980bc46f}</UniqueIdentifier>
    </Filter>
    <Filter Include="Resource Files\Models\sword\textures">
      <UniqueIdentifier>{172307ea-42f5-4d9f-97df-116cea9fe037}</UniqueIdentifier>
    </Filter>
  </ItemGroup>
  <ItemGroup>
    <ClCompile Include="glad.c">
      <Filter>Source Files</Filter>
    </ClCompile>
    <ClCompile Include="src\Camera.cpp">
      <Filter>Source Files</Filter>
    </ClCompile>
    <ClCompile Include="src\EBO.cpp">
      <Filter>Source Files</Filter>
    </ClCompile>
    <ClCompile Include="src\main.cpp">
      <Filter>Source Files</Filter>
    </ClCompile>
    <ClCompile Include="src\Mesh.cpp">
      <Filter>Source Files</Filter>
    </ClCompile>
    <ClCompile Include="src\shaderClass.cpp">
      <Filter>Source Files</Filter>
    </ClCompile>
    <ClCompile Include="src\stb.cpp">
      <Filter>Source Files</Filter>
    </ClCompile>
    <ClCompile Include="src\Texture.cpp">
      <Filter>Source Files</Filter>
    </ClCompile>
    <ClCompile Include="src\VAO.cpp">
      <Filter>Source Files</Filter>
    </ClCompile>
    <ClCompile Include="src\VBO.cpp">
      <Filter>Source Files</Filter>
    </ClCompile>
    <ClCompile Include="src\Object.cpp">
      <Filter>Source Files</Filter>
    </ClCompile>
    <ClCompile Include="src\Model.cpp">
      <Filter>Source Files</Filter>
    </ClCompile>
  </ItemGroup>
  <ItemGroup>
    <Image Include="res\Textures\pop_cat.png">
      <Filter>Resource Files\Textures</Filter>
    </Image>
    <Image Include="res\Textures\planksSpec.png">
      <Filter>Resource Files\Textures</Filter>
    </Image>
    <Image Include="res\Textures\obama.png">
      <Filter>Resource Files\Textures</Filter>
    </Image>
    <Image Include="res\Textures\planks.png">
      <Filter>Resource Files\Textures</Filter>
    </Image>
    <Image Include="res\Models\bunny\baseColor.png">
      <Filter>Resource Files\Models\bunny</Filter>
    </Image>
    <Image Include="res\Models\bunny\metallicRoughness.png">
      <Filter>Resource Files\Models\bunny</Filter>
    </Image>
    <Image Include="res\Models\sword\textures\Object001_mtl_baseColor.jpeg">
      <Filter>Resource Files\Models\sword\textures</Filter>
    </Image>
  </ItemGroup>
  <ItemGroup>
    <Text Include="TODO.txt" />
  </ItemGroup>
  <ItemGroup>
    <ClInclude Include="src\Camera.hpp">
      <Filter>Header Files</Filter>
    </ClInclude>
    <ClInclude Include="src\EBO.hpp">
      <Filter>Header Files</Filter>
    </ClInclude>
    <ClInclude Include="src\Mesh.hpp">
      <Filter>Header Files</Filter>
    </ClInclude>
    <ClInclude Include="src\shaderClass.hpp">
      <Filter>Header Files</Filter>
    </ClInclude>
    <ClInclude Include="src\Texture.hpp">
      <Filter>Header Files</Filter>
    </ClInclude>
    <ClInclude Include="src\VAO.hpp">
      <Filter>Header Files</Filter>
    </ClInclude>
    <ClInclude Include="src\VBO.hpp">
      <Filter>Header Files</Filter>
    </ClInclude>
    <ClInclude Include="src\Object.hpp">
      <Filter>Header Files</Filter>
    </ClInclude>
    <ClInclude Include="src\Model.hpp">
      <Filter>Header Files</Filter>
    </ClInclude>
  </ItemGroup>
  <ItemGroup>
    <None Include="res\Shaders\default.frag">
      <Filter>Resource Files\Shaders</Filter>
    </None>
    <None Include="res\Shaders\default.vert">
      <Filter>Resource Files\Shaders</Filter>
    </None>
    <None Include="res\Shaders\light.frag">
      <Filter>Resource Files\Shaders</Filter>
    </None>
    <None Include="res\Shaders\light.vert">
      <Filter>Resource Files\Shaders</Filter>
    </None>
    <None Include="res\Models\bunny\scene.bin">
      <Filter>Resource Files\Models\bunny</Filter>
    </None>
    <None Include="res\Models\bunny\scene.gltf">
      <Filter>Resource Files\Models\bunny</Filter>
    </None>
    <None Include="res\Models\sword\scene.bin">
      <Filter>Resource Files\Models\sword</Filter>
    </None>
    <None Include="res\Models\sword\scene.gltf">
      <Filter>Resource Files\Models\sword</Filter>
    </None>
  </ItemGroup>
</Project>